
Microsoft Visual Studio Solution File, Format Version 12.00
# Visual Studio 2017
Project("{FAE04EC0-301F-11D3-BF4B-00C04F79EFBC}") = "Game Jam", "Game Jam.csproj", "{5387C1F9-CB68-376E-2C0B-871245A0E6D7}"
EndProject
Global
	GlobalSection(SolutionConfigurationPlatforms) = preSolution
		Debug|Any CPU = Debug|Any CPU
		Release|Any CPU = Release|Any CPU
	EndGlobalSection
	GlobalSection(ProjectConfigurationPlatforms) = postSolution
		{5387C1F9-CB68-376E-2C0B-871245A0E6D7}.Debug|Any CPU.ActiveCfg = Debug|Any CPU
		{5387C1F9-CB68-376E-2C0B-871245A0E6D7}.Debug|Any CPU.Build.0 = Debug|Any CPU
		{5387C1F9-CB68-376E-2C0B-871245A0E6D7}.Release|Any CPU.ActiveCfg = Release|Any CPU
		{5387C1F9-CB68-376E-2C0B-871245A0E6D7}.Release|Any CPU.Build.0 = Release|Any CPU
	EndGlobalSection
	GlobalSection(SolutionProperties) = preSolution
		HideSolutionNode = FALSE
	EndGlobalSection
EndGlobal
